// !$*UTF8*$!
{
	archiveVersion = 1;
	classes = {
	};
	objectVersion = 50;
	objects = {

/* Begin PBXBuildFile section */
		262C637323F73D450013D798 /* FriendCollectionViewCell.swift in Sources */ = {isa = PBXBuildFile; fileRef = 262C637223F73D450013D798 /* FriendCollectionViewCell.swift */; };
		262C637724004F3C0013D798 /* AddFriendTableViewController.swift in Sources */ = {isa = PBXBuildFile; fileRef = 262C637624004F3C0013D798 /* AddFriendTableViewController.swift */; };
		264171F52400E5B5001ED0CE /* PetCollectionViewCell.swift in Sources */ = {isa = PBXBuildFile; fileRef = 264171F42400E5B5001ED0CE /* PetCollectionViewCell.swift */; };
		264171FB2400EBC7001ED0CE /* PetViewController.swift in Sources */ = {isa = PBXBuildFile; fileRef = 264171FA2400EBC7001ED0CE /* PetViewController.swift */; };
		2652FE3E241AD4A40027AD96 /* Friend+CoreDataClass.swift in Sources */ = {isa = PBXBuildFile; fileRef = 2652FE3A241AD4A40027AD96 /* Friend+CoreDataClass.swift */; };
		2652FE3F241AD4A40027AD96 /* Friend+CoreDataProperties.swift in Sources */ = {isa = PBXBuildFile; fileRef = 2652FE3B241AD4A40027AD96 /* Friend+CoreDataProperties.swift */; };
		2652FE40241AD4A40027AD96 /* Pet+CoreDataClass.swift in Sources */ = {isa = PBXBuildFile; fileRef = 2652FE3C241AD4A40027AD96 /* Pet+CoreDataClass.swift */; };
		2652FE41241AD4A40027AD96 /* Pet+CoreDataProperties.swift in Sources */ = {isa = PBXBuildFile; fileRef = 2652FE3D241AD4A40027AD96 /* Pet+CoreDataProperties.swift */; };
		2661FF272408305E009261D6 /* AddPetTableViewController.swift in Sources */ = {isa = PBXBuildFile; fileRef = 2661FF262408305E009261D6 /* AddPetTableViewController.swift */; };
		26E3034723F71AF700E40F13 /* AppDelegate.swift in Sources */ = {isa = PBXBuildFile; fileRef = 26E3034623F71AF700E40F13 /* AppDelegate.swift */; };
		26E3034923F71AF700E40F13 /* SceneDelegate.swift in Sources */ = {isa = PBXBuildFile; fileRef = 26E3034823F71AF700E40F13 /* SceneDelegate.swift */; };
		26E3034B23F71AF700E40F13 /* ViewController.swift in Sources */ = {isa = PBXBuildFile; fileRef = 26E3034A23F71AF700E40F13 /* ViewController.swift */; };
		26E3034E23F71AF700E40F13 /* Main.storyboard in Resources */ = {isa = PBXBuildFile; fileRef = 26E3034C23F71AF700E40F13 /* Main.storyboard */; };
		26E3035123F71AF700E40F13 /* Pet_Tracker.xcdatamodeld in Resources */ = {isa = PBXBuildFile; fileRef = 26E3034F23F71AF700E40F13 /* Pet_Tracker.xcdatamodeld */; };
		26E3035323F71AF900E40F13 /* Assets.xcassets in Resources */ = {isa = PBXBuildFile; fileRef = 26E3035223F71AF900E40F13 /* Assets.xcassets */; };
		26E3035623F71AF900E40F13 /* LaunchScreen.storyboard in Resources */ = {isa = PBXBuildFile; fileRef = 26E3035423F71AF900E40F13 /* LaunchScreen.storyboard */; };
/* End PBXBuildFile section */

/* Begin PBXFileReference section */
		262C637223F73D450013D798 /* FriendCollectionViewCell.swift */ = {isa = PBXFileReference; lastKnownFileType = sourcecode.swift; path = FriendCollectionViewCell.swift; sourceTree = "<group>"; };
		262C637624004F3C0013D798 /* AddFriendTableViewController.swift */ = {isa = PBXFileReference; lastKnownFileType = sourcecode.swift; path = AddFriendTableViewController.swift; sourceTree = "<group>"; };
		264171F42400E5B5001ED0CE /* PetCollectionViewCell.swift */ = {isa = PBXFileReference; lastKnownFileType = sourcecode.swift; path = PetCollectionViewCell.swift; sourceTree = "<group>"; };
		264171FA2400EBC7001ED0CE /* PetViewController.swift */ = {isa = PBXFileReference; lastKnownFileType = sourcecode.swift; path = PetViewController.swift; sourceTree = "<group>"; };
		2652FE3A241AD4A40027AD96 /* Friend+CoreDataClass.swift */ = {isa = PBXFileReference; lastKnownFileType = sourcecode.swift; path = "Friend+CoreDataClass.swift"; sourceTree = "<group>"; };
		2652FE3B241AD4A40027AD96 /* Friend+CoreDataProperties.swift */ = {isa = PBXFileReference; lastKnownFileType = sourcecode.swift; path = "Friend+CoreDataProperties.swift"; sourceTree = "<group>"; };
		2652FE3C241AD4A40027AD96 /* Pet+CoreDataClass.swift */ = {isa = PBXFileReference; lastKnownFileType = sourcecode.swift; path = "Pet+CoreDataClass.swift"; sourceTree = "<group>"; };
		2652FE3D241AD4A40027AD96 /* Pet+CoreDataProperties.swift */ = {isa = PBXFileReference; lastKnownFileType = sourcecode.swift; path = "Pet+CoreDataProperties.swift"; sourceTree = "<group>"; };
		2661FF262408305E009261D6 /* AddPetTableViewController.swift */ = {isa = PBXFileReference; lastKnownFileType = sourcecode.swift; path = AddPetTableViewController.swift; sourceTree = "<group>"; };
		26E3034323F71AF700E40F13 /* Pet Tracker.app */ = {isa = PBXFileReference; explicitFileType = wrapper.application; includeInIndex = 0; path = "Pet Tracker.app"; sourceTree = BUILT_PRODUCTS_DIR; };
		26E3034623F71AF700E40F13 /* AppDelegate.swift */ = {isa = PBXFileReference; lastKnownFileType = sourcecode.swift; path = AppDelegate.swift; sourceTree = "<group>"; };
		26E3034823F71AF700E40F13 /* SceneDelegate.swift */ = {isa = PBXFileReference; lastKnownFileType = sourcecode.swift; path = SceneDelegate.swift; sourceTree = "<group>"; };
		26E3034A23F71AF700E40F13 /* ViewController.swift */ = {isa = PBXFileReference; lastKnownFileType = sourcecode.swift; path = ViewController.swift; sourceTree = "<group>"; };
		26E3034D23F71AF700E40F13 /* Base */ = {isa = PBXFileReference; lastKnownFileType = file.storyboard; name = Base; path = Base.lproj/Main.storyboard; sourceTree = "<group>"; };
		26E3035023F71AF700E40F13 /* Pet_Tracker.xcdatamodel */ = {isa = PBXFileReference; lastKnownFileType = wrapper.xcdatamodel; path = Pet_Tracker.xcdatamodel; sourceTree = "<group>"; };
		26E3035223F71AF900E40F13 /* Assets.xcassets */ = {isa = PBXFileReference; lastKnownFileType = folder.assetcatalog; path = Assets.xcassets; sourceTree = "<group>"; };
		26E3035523F71AF900E40F13 /* Base */ = {isa = PBXFileReference; lastKnownFileType = file.storyboard; name = Base; path = Base.lproj/LaunchScreen.storyboard; sourceTree = "<group>"; };
		26E3035723F71AF900E40F13 /* Info.plist */ = {isa = PBXFileReference; lastKnownFileType = text.plist.xml; path = Info.plist; sourceTree = "<group>"; };
/* End PBXFileReference section */

/* Begin PBXFrameworksBuildPhase section */
		26E3034023F71AF700E40F13 /* Frameworks */ = {
			isa = PBXFrameworksBuildPhase;
			buildActionMask = 2147483647;
			files = (
			);
			runOnlyForDeploymentPostprocessing = 0;
		};
/* End PBXFrameworksBuildPhase section */

/* Begin PBXGroup section */
		26E3033A23F71AF700E40F13 = {
			isa = PBXGroup;
			children = (
				2652FE3A241AD4A40027AD96 /* Friend+CoreDataClass.swift */,
				2652FE3B241AD4A40027AD96 /* Friend+CoreDataProperties.swift */,
				2652FE3C241AD4A40027AD96 /* Pet+CoreDataClass.swift */,
				2652FE3D241AD4A40027AD96 /* Pet+CoreDataProperties.swift */,
				26E3034523F71AF700E40F13 /* Pet Tracker */,
				26E3034423F71AF700E40F13 /* Products */,
			);
			sourceTree = "<group>";
		};
		26E3034423F71AF700E40F13 /* Products */ = {
			isa = PBXGroup;
			children = (
				26E3034323F71AF700E40F13 /* Pet Tracker.app */,
			);
			name = Products;
			sourceTree = "<group>";
		};
		26E3034523F71AF700E40F13 /* Pet Tracker */ = {
			isa = PBXGroup;
			children = (
				26E3034623F71AF700E40F13 /* AppDelegate.swift */,
				26E3034823F71AF700E40F13 /* SceneDelegate.swift */,
				26E3034A23F71AF700E40F13 /* ViewController.swift */,
				26E3034C23F71AF700E40F13 /* Main.storyboard */,
				26E3035223F71AF900E40F13 /* Assets.xcassets */,
				26E3035423F71AF900E40F13 /* LaunchScreen.storyboard */,
				26E3035723F71AF900E40F13 /* Info.plist */,
				26E3034F23F71AF700E40F13 /* Pet_Tracker.xcdatamodeld */,
				262C637223F73D450013D798 /* FriendCollectionViewCell.swift */,
				262C637624004F3C0013D798 /* AddFriendTableViewController.swift */,
				264171F42400E5B5001ED0CE /* PetCollectionViewCell.swift */,
				264171FA2400EBC7001ED0CE /* PetViewController.swift */,
				2661FF262408305E009261D6 /* AddPetTableViewController.swift */,
			);
			path = "Pet Tracker";
			sourceTree = "<group>";
		};
/* End PBXGroup section */

/* Begin PBXNativeTarget section */
		26E3034223F71AF700E40F13 /* Pet Tracker */ = {
			isa = PBXNativeTarget;
			buildConfigurationList = 26E3035A23F71AF900E40F13 /* Build configuration list for PBXNativeTarget "Pet Tracker" */;
			buildPhases = (
				26E3033F23F71AF700E40F13 /* Sources */,
				26E3034023F71AF700E40F13 /* Frameworks */,
				26E3034123F71AF700E40F13 /* Resources */,
			);
			buildRules = (
			);
			dependencies = (
			);
			name = "Pet Tracker";
			productName = "Pet Tracker";
			productReference = 26E3034323F71AF700E40F13 /* Pet Tracker.app */;
			productType = "com.apple.product-type.application";
		};
/* End PBXNativeTarget section */

/* Begin PBXProject section */
		26E3033B23F71AF700E40F13 /* Project object */ = {
			isa = PBXProject;
			attributes = {
				LastSwiftUpdateCheck = 1130;
				LastUpgradeCheck = 1130;
				ORGANIZATIONNAME = "Sarah Covey";
				TargetAttributes = {
					26E3034223F71AF700E40F13 = {
						CreatedOnToolsVersion = 11.3.1;
					};
				};
			};
			buildConfigurationList = 26E3033E23F71AF700E40F13 /* Build configuration list for PBXProject "Pet Tracker" */;
			compatibilityVersion = "Xcode 9.3";
			developmentRegion = en;
			hasScannedForEncodings = 0;
			knownRegions = (
				en,
				Base,
			);
			mainGroup = 26E3033A23F71AF700E40F13;
			productRefGroup = 26E3034423F71AF700E40F13 /* Products */;
			projectDirPath = "";
			projectRoot = "";
			targets = (
				26E3034223F71AF700E40F13 /* Pet Tracker */,
			);
		};
/* End PBXProject section */

/* Begin PBXResourcesBuildPhase section */
		26E3034123F71AF700E40F13 /* Resources */ = {
			isa = PBXResourcesBuildPhase;
			buildActionMask = 2147483647;
			files = (
				26E3035123F71AF700E40F13 /* Pet_Tracker.xcdatamodeld in Resources */,
				26E3035623F71AF900E40F13 /* LaunchScreen.storyboard in Resources */,
				26E3035323F71AF900E40F13 /* Assets.xcassets in Resources */,
				26E3034E23F71AF700E40F13 /* Main.storyboard in Resources */,
			);
			runOnlyForDeploymentPostprocessing = 0;
		};
/* End PBXResourcesBuildPhase section */

/* Begin PBXSourcesBuildPhase section */
		26E3033F23F71AF700E40F13 /* Sources */ = {
			isa = PBXSourcesBuildPhase;
			buildActionMask = 2147483647;
			files = (
				26E3034B23F71AF700E40F13 /* ViewController.swift in Sources */,
				2652FE40241AD4A40027AD96 /* Pet+CoreDataClass.swift in Sources */,
				2661FF272408305E009261D6 /* AddPetTableViewController.swift in Sources */,
				262C637323F73D450013D798 /* FriendCollectionViewCell.swift in Sources */,
				262C637724004F3C0013D798 /* AddFriendTableViewController.swift in Sources */,
				2652FE3E241AD4A40027AD96 /* Friend+CoreDataClass.swift in Sources */,
				26E3034723F71AF700E40F13 /* AppDelegate.swift in Sources */,
				264171F52400E5B5001ED0CE /* PetCollectionViewCell.swift in Sources */,
				2652FE3F241AD4A40027AD96 /* Friend+CoreDataProperties.swift in Sources */,
				26E3034923F71AF700E40F13 /* SceneDelegate.swift in Sources */,
				264171FB2400EBC7001ED0CE /* PetViewController.swift in Sources */,
				2652FE41241AD4A40027AD96 /* Pet+CoreDataProperties.swift in Sources */,
			);
			runOnlyForDeploymentPostprocessing = 0;
		};
/* End PBXSourcesBuildPhase section */

/* Begin PBXVariantGroup section */
		26E3034C23F71AF700E40F13 /* Main.storyboard */ = {
			isa = PBXVariantGroup;
			children = (
				26E3034D23F71AF700E40F13 /* Base */,
			);
			name = Main.storyboard;
			sourceTree = "<group>";
		};
		26E3035423F71AF900E40F13 /* LaunchScreen.storyboard */ = {
			isa = PBXVariantGroup;
			children = (
				26E3035523F71AF900E40F13 /* Base */,
			);
			name = LaunchScreen.storyboard;
			sourceTree = "<group>";
		};
/* End PBXVariantGroup section */

/* Begin XCBuildConfiguration section */
		26E3035823F71AF900E40F13 /* Debug */ = {
			isa = XCBuildConfiguration;
			buildSettings = {
				ALWAYS_SEARCH_USER_PATHS = NO;
				CLANG_ANALYZER_NONNULL = YES;
				CLANG_ANALYZER_NUMBER_OBJECT_CONVERSION = YES_AGGRESSIVE;
				CLANG_CXX_LANGUAGE_STANDARD = "gnu++14";
				CLANG_CXX_LIBRARY = "libc++";
				CLANG_ENABLE_MODULES = YES;
				CLANG_ENABLE_OBJC_ARC = YES;
				CLANG_ENABLE_OBJC_WEAK = YES;
				CLANG_WARN_BLOCK_CAPTURE_AUTORELEASING = YES;
				CLANG_WARN_BOOL_CONVERSION = YES;
				CLANG_WARN_COMMA = YES;
				CLANG_WARN_CONSTANT_CONVERSION = YES;
				CLANG_WARN_DEPRECATED_OBJC_IMPLEMENTATIONS = YES;
				CLANG_WARN_DIRECT_OBJC_ISA_USAGE = YES_ERROR;
				CLANG_WARN_DOCUMENTATION_COMMENTS = YES;
				CLANG_WARN_EMPTY_BODY = YES;
				CLANG_WARN_ENUM_CONVERSION = YES;
				CLANG_WARN_INFINITE_RECURSION = YES;
				CLANG_WARN_INT_CONVERSION = YES;
				CLANG_WARN_NON_LITERAL_NULL_CONVERSION = YES;
				CLANG_WARN_OBJC_IMPLICIT_RETAIN_SELF = YES;
				CLANG_WARN_OBJC_LITERAL_CONVERSION = YES;
				CLANG_WARN_OBJC_ROOT_CLASS = YES_ERROR;
				CLANG_WARN_RANGE_LOOP_ANALYSIS = YES;
				CLANG_WARN_STRICT_PROTOTYPES = YES;
				CLANG_WARN_SUSPICIOUS_MOVE = YES;
				CLANG_WARN_UNGUARDED_AVAILABILITY = YES_AGGRESSIVE;
				CLANG_WARN_UNREACHABLE_CODE = YES;
				CLANG_WARN__DUPLICATE_METHOD_MATCH = YES;
				COPY_PHASE_STRIP = NO;
				DEBUG_INFORMATION_FORMAT = dwarf;
				ENABLE_STRICT_OBJC_MSGSEND = YES;
				ENABLE_TESTABILITY = YES;
				GCC_C_LANGUAGE_STANDARD = gnu11;
				GCC_DYNAMIC_NO_PIC = NO;
				GCC_NO_COMMON_BLOCKS = YES;
				GCC_OPTIMIZATION_LEVEL = 0;
				GCC_PREPROCESSOR_DEFINITIONS = (
					"DEBUG=1",
					"$(inherited)",
				);
				GCC_WARN_64_TO_32_BIT_CONVERSION = YES;
				GCC_WARN_ABOUT_RETURN_TYPE = YES_ERROR;
				GCC_WARN_UNDECLARED_SELECTOR = YES;
				GCC_WARN_UNINITIALIZED_AUTOS = YES_AGGRESSIVE;
				GCC_WARN_UNUSED_FUNCTION = YES;
				GCC_WARN_UNUSED_VARIABLE = YES;
				IPHONEOS_DEPLOYMENT_TARGET = 13.2;
				MTL_ENABLE_DEBUG_INFO = INCLUDE_SOURCE;
				MTL_FAST_MATH = YES;
				ONLY_ACTIVE_ARCH = YES;
				SDKROOT = iphoneos;
				SWIFT_ACTIVE_COMPILATION_CONDITIONS = DEBUG;
				SWIFT_OPTIMIZATION_LEVEL = "-Onone";
			};
			name = Debug;
		};
		26E3035923F71AF900E40F13 /* Release */ = {
			isa = XCBuildConfiguration;
			buildSettings = {
				ALWAYS_SEARCH_USER_PATHS = NO;
				CLANG_ANALYZER_NONNULL = YES;
				CLANG_ANALYZER_NUMBER_OBJECT_CONVERSION = YES_AGGRESSIVE;
				CLANG_CXX_LANGUAGE_STANDARD = "gnu++14";
				CLANG_CXX_LIBRARY = "libc++";
				CLANG_ENABLE_MODULES = YES;
				CLANG_ENABLE_OBJC_ARC = YES;
				CLANG_ENABLE_OBJC_WEAK = YES;
				CLANG_WARN_BLOCK_CAPTURE_AUTORELEASING = YES;
				CLANG_WARN_BOOL_CONVERSION = YES;
				CLANG_WARN_COMMA = YES;
				CLANG_WARN_CONSTANT_CONVERSION = YES;
				CLANG_WARN_DEPRECATED_OBJC_IMPLEMENTATIONS = YES;
				CLANG_WARN_DIRECT_OBJC_ISA_USAGE = YES_ERROR;
				CLANG_WARN_DOCUMENTATION_COMMENTS = YES;
				CLANG_WARN_EMPTY_BODY = YES;
				CLANG_WARN_ENUM_CONVERSION = YES;
				CLANG_WARN_INFINITE_RECURSION = YES;
				CLANG_WARN_INT_CONVERSION = YES;
				CLANG_WARN_NON_LITERAL_NULL_CONVERSION = YES;
				CLANG_WARN_OBJC_IMPLICIT_RETAIN_SELF = YES;
				CLANG_WARN_OBJC_LITERAL_CONVERSION = YES;
				CLANG_WARN_OBJC_ROOT_CLASS = YES_ERROR;
				CLANG_WARN_RANGE_LOOP_ANALYSIS = YES;
				CLANG_WARN_STRICT_PROTOTYPES = YES;
				CLANG_WARN_SUSPICIOUS_MOVE = YES;
				CLANG_WARN_UNGUARDED_AVAILABILITY = YES_AGGRESSIVE;
				CLANG_WARN_UNREACHABLE_CODE = YES;
				CLANG_WARN__DUPLICATE_METHOD_MATCH = YES;
				COPY_PHASE_STRIP = NO;
				DEBUG_INFORMATION_FORMAT = "dwarf-with-dsym";
				ENABLE_NS_ASSERTIONS = NO;
				ENABLE_STRICT_OBJC_MSGSEND = YES;
				GCC_C_LANGUAGE_STANDARD = gnu11;
				GCC_NO_COMMON_BLOCKS = YES;
				GCC_WARN_64_TO_32_BIT_CONVERSION = YES;
				GCC_WARN_ABOUT_RETURN_TYPE = YES_ERROR;
				GCC_WARN_UNDECLARED_SELECTOR = YES;
				GCC_WARN_UNINITIALIZED_AUTOS = YES_AGGRESSIVE;
				GCC_WARN_UNUSED_FUNCTION = YES;
				GCC_WARN_UNUSED_VARIABLE = YES;
				IPHONEOS_DEPLOYMENT_TARGET = 13.2;
				MTL_ENABLE_DEBUG_INFO = NO;
				MTL_FAST_MATH = YES;
				SDKROOT = iphoneos;
				SWIFT_COMPILATION_MODE = wholemodule;
				SWIFT_OPTIMIZATION_LEVEL = "-O";
				VALIDATE_PRODUCT = YES;
			};
			name = Release;
		};
		26E3035B23F71AF900E40F13 /* Debug */ = {
			isa = XCBuildConfiguration;
			buildSettings = {
				ASSETCATALOG_COMPILER_APPICON_NAME = AppIcon;
				CODE_SIGN_STYLE = Automatic;
				INFOPLIST_FILE = "Pet Tracker/Info.plist";
				LD_RUNPATH_SEARCH_PATHS = (
					"$(inherited)",
					"@executable_path/Frameworks",
				);
				PRODUCT_BUNDLE_IDENTIFIER = "edu.spokane.scc.cis221.Pet-Tracker";
				PRODUCT_NAME = "$(TARGET_NAME)";
				SWIFT_VERSION = 5.0;
				TARGETED_DEVICE_FAMILY = "1,2";
			};
			name = Debug;
		};
		26E3035C23F71AF900E40F13 /* Release */ = {
			isa = XCBuildConfiguration;
			buildSettings = {
				ASSETCATALOG_COMPILER_APPICON_NAME = AppIcon;
				CODE_SIGN_STYLE = Automatic;
				INFOPLIST_FILE = "Pet Tracker/Info.plist";
				LD_RUNPATH_SEARCH_PATHS = (
					"$(inherited)",
					"@executable_path/Frameworks",
				);
				PRODUCT_BUNDLE_IDENTIFIER = "edu.spokane.scc.cis221.Pet-Tracker";
				PRODUCT_NAME = "$(TARGET_NAME)";
				SWIFT_VERSION = 5.0;
				TARGETED_DEVICE_FAMILY = "1,2";
			};
			name = Release;
		};
/* End XCBuildConfiguration section */

/* Begin XCConfigurationList section */
		26E3033E23F71AF700E40F13 /* Build configuration list for PBXProject "Pet Tracker" */ = {
			isa = XCConfigurationList;
			buildConfigurations = (
				26E3035823F71AF900E40F13 /* Debug */,
				26E3035923F71AF900E40F13 /* Release */,
			);
			defaultConfigurationIsVisible = 0;
			defaultConfigurationName = Release;
		};
		26E3035A23F71AF900E40F13 /* Build configuration list for PBXNativeTarget "Pet Tracker" */ = {
			isa = XCConfigurationList;
			buildConfigurations = (
				26E3035B23F71AF900E40F13 /* Debug */,
				26E3035C23F71AF900E40F13 /* Release */,
			);
			defaultConfigurationIsVisible = 0;
			defaultConfigurationName = Release;
		};
/* End XCConfigurationList section */

/* Begin XCVersionGroup section */
		26E3034F23F71AF700E40F13 /* Pet_Tracker.xcdatamodeld */ = {
			isa = XCVersionGroup;
			children = (
				26E3035023F71AF700E40F13 /* Pet_Tracker.xcdatamodel */,
			);
			currentVersion = 26E3035023F71AF700E40F13 /* Pet_Tracker.xcdatamodel */;
			path = Pet_Tracker.xcdatamodeld;
			sourceTree = "<group>";
			versionGroupType = wrapper.xcdatamodel;
		};
/* End XCVersionGroup section */
	};
	rootObject = 26E3033B23F71AF700E40F13 /* Project object */;
}
